
Microsoft Visual Studio Solution File, Format Version 12.00
# Visual Studio 15
Project("{8BC9CEB8-8B4A-11D0-8D11-00A0C91BC942}") = "DemoGame", "DemoGame\DemoGame.vcxproj", "{64542DA2-5021-88AD-793A-76556566BD3B}"
EndProject
Project("{8BC9CEB8-8B4A-11D0-8D11-00A0C91BC942}") = "GLFW", "QQGameEngine\vendor\GLFW\GLFW.vcxproj", "{154B857C-0182-860D-AA6E-6C109684020F}"
EndProject
Project("{8BC9CEB8-8B4A-11D0-8D11-00A0C91BC942}") = "QQGameEngine", "QQGameEngine\QQGameEngine.vcxproj", "{571AC4E9-437D-538E-EC02-8C44D8441F11}"
EndProject
Global
	GlobalSection(SolutionConfigurationPlatforms) = preSolution
		Debug|x64 = Debug|x64
		Dist|x64 = Dist|x64
		Release|x64 = Release|x64
	EndGlobalSection
	GlobalSection(ProjectConfigurationPlatforms) = postSolution
		{64542DA2-5021-88AD-793A-76556566BD3B}.Debug|x64.ActiveCfg = Debug|x64
		{64542DA2-5021-88AD-793A-76556566BD3B}.Debug|x64.Build.0 = Debug|x64
		{64542DA2-5021-88AD-793A-76556566BD3B}.Dist|x64.ActiveCfg = Dist|x64
		{64542DA2-5021-88AD-793A-76556566BD3B}.Dist|x64.Build.0 = Dist|x64
		{64542DA2-5021-88AD-793A-76556566BD3B}.Release|x64.ActiveCfg = Release|x64
		{64542DA2-5021-88AD-793A-76556566BD3B}.Release|x64.Build.0 = Release|x64
		{154B857C-0182-860D-AA6E-6C109684020F}.Debug|x64.ActiveCfg = Debug|x64
		{154B857C-0182-860D-AA6E-6C109684020F}.Debug|x64.Build.0 = Debug|x64
		{154B857C-0182-860D-AA6E-6C109684020F}.Dist|x64.ActiveCfg = Dist|x64
		{154B857C-0182-860D-AA6E-6C109684020F}.Dist|x64.Build.0 = Dist|x64
		{154B857C-0182-860D-AA6E-6C109684020F}.Release|x64.ActiveCfg = Release|x64
		{154B857C-0182-860D-AA6E-6C109684020F}.Release|x64.Build.0 = Release|x64
		{571AC4E9-437D-538E-EC02-8C44D8441F11}.Debug|x64.ActiveCfg = Debug|x64
		{571AC4E9-437D-538E-EC02-8C44D8441F11}.Debug|x64.Build.0 = Debug|x64
		{571AC4E9-437D-538E-EC02-8C44D8441F11}.Dist|x64.ActiveCfg = Dist|x64
		{571AC4E9-437D-538E-EC02-8C44D8441F11}.Dist|x64.Build.0 = Dist|x64
		{571AC4E9-437D-538E-EC02-8C44D8441F11}.Release|x64.ActiveCfg = Release|x64
		{571AC4E9-437D-538E-EC02-8C44D8441F11}.Release|x64.Build.0 = Release|x64
	EndGlobalSection
	GlobalSection(SolutionProperties) = preSolution
		HideSolutionNode = FALSE
	EndGlobalSection
EndGlobal
