<?xml version="1.0" encoding="utf-8"?>
<Project ToolsVersion="4.0" xmlns="http://schemas.microsoft.com/developer/msbuild/2003">
  <ItemGroup>
    <Filter Include="QQhang">
      <UniqueIdentifier>{2553C5CA-11F5-EFA0-FAAF-03F5E6F076F1}</UniqueIdentifier>
    </Filter>
  </ItemGroup>
  <ItemGroup>
    <ClInclude Include="src\QQhang.h" />
    <ClInclude Include="src\QQhang\Application.h">
      <Filter>QQhang</Filter>
    </ClInclude>
    <ClInclude Include="src\QQhang\Core.h">
      <Filter>QQhang</Filter>
    </ClInclude>
    <ClInclude Include="src\QQhang\EntryPoint.h">
      <Filter>QQhang</Filter>
    </ClInclude>
    <ClInclude Include="src\QQhang\Log.h">
      <Filter>QQhang</Filter>
    </ClInclude>
  </ItemGroup>
  <ItemGroup>
    <ClCompile Include="src\QQhang\Application.cpp">
      <Filter>QQhang</Filter>
    </ClCompile>
    <ClCompile Include="src\QQhang\Log.cpp">
      <Filter>QQhang</Filter>
    </ClCompile>
  </ItemGroup>
</Project>